
Microsoft Visual Studio Solution File, Format Version 12.00
# Visual Studio Version 17
VisualStudioVersion = 17.13.35931.197 d17.13
MinimumVisualStudioVersion = 10.0.40219.1
Project("{FAE04EC0-301F-11D3-BF4B-00C04F79EFBC}") = "FirstProject_Netology_c#", "FirstProject_Netology_c#.csproj", "{B8FC2B9E-01AE-2D8B-4619-EEF40E789B64}"
EndProject
Global
	GlobalSection(SolutionConfigurationPlatforms) = preSolution
		Debug|Any CPU = Debug|Any CPU
		Release|Any CPU = Release|Any CPU
	EndGlobalSection
	GlobalSection(ProjectConfigurationPlatforms) = postSolution
		{B8FC2B9E-01AE-2D8B-4619-EEF40E789B64}.Debug|Any CPU.ActiveCfg = Debug|Any CPU
		{B8FC2B9E-01AE-2D8B-4619-EEF40E789B64}.Debug|Any CPU.Build.0 = Debug|Any CPU
		{B8FC2B9E-01AE-2D8B-4619-EEF40E789B64}.Release|Any CPU.ActiveCfg = Release|Any CPU
		{B8FC2B9E-01AE-2D8B-4619-EEF40E789B64}.Release|Any CPU.Build.0 = Release|Any CPU
	EndGlobalSection
	GlobalSection(SolutionProperties) = preSolution
		HideSolutionNode = FALSE
	EndGlobalSection
	GlobalSection(ExtensibilityGlobals) = postSolution
		SolutionGuid = {F328182E-1E38-4CDE-BA80-A4AA99238656}
	EndGlobalSection
EndGlobal
